schema: '2.0'
stages:
  data_ingestion:
    cmd: python src/data/data_ingestion.py
    deps:
    - path: data/raw/train.csv
      hash: md5
      md5: 358ac53596f540c74517dc050891c1b5
      size: 827954
    - path: params.yaml
      hash: md5
      md5: b875cab2c0299b7e35ea0fdbbba28651
      size: 515
    - path: src/data/data_ingestion.py
      hash: md5
      md5: 102fe214686f6cd8ea7b51c19aa62964
      size: 4478
    outs:
    - path: data/interim/test.csv
      hash: md5
      md5: 3f151ead02ea8c9b1d18cc16a02cc7c0
      size: 165759
    - path: data/interim/train.csv
      hash: md5
      md5: a7d5a97789c4e11b1b36b13b43d7cff7
      size: 662214
  data_preprocessing:
    cmd: python src/features/data_preprocessing.py
    deps:
    - path: data/external/chat_words_dictonary.json
      hash: md5
      md5: d5374fbe39d349c14db3bc37d73d76be
      size: 2974
    - path: data/interim/test.csv
      hash: md5
      md5: 3f151ead02ea8c9b1d18cc16a02cc7c0
      size: 165759
    - path: data/interim/train.csv
      hash: md5
      md5: a7d5a97789c4e11b1b36b13b43d7cff7
      size: 662214
    - path: src/features/data_preprocessing.py
      hash: md5
      md5: b356ec3d78110326a06a6bc62debc6d5
      size: 5582
    outs:
    - path: data/processed/test.csv
      hash: md5
      md5: 8e827e0f0adafe5d06fab6978e0c8278
      size: 109730
    - path: data/processed/train.csv
      hash: md5
      md5: f480b3269b6374550b1b9fbe9317dcb2
      size: 439554
  feature_engineering:
    cmd: python src/features/feature_engineering.py
    deps:
    - path: data/processed/test.csv
      hash: md5
      md5: 8e827e0f0adafe5d06fab6978e0c8278
      size: 109730
    - path: data/processed/train.csv
      hash: md5
      md5: f480b3269b6374550b1b9fbe9317dcb2
      size: 439554
    - path: params.yaml
      hash: md5
      md5: b875cab2c0299b7e35ea0fdbbba28651
      size: 515
    - path: src/features/feature_engineering.py
      hash: md5
      md5: 6fd62703b1d2acf2ec64cd3a72ca7f01
      size: 4742
    outs:
    - path: data/features/test.csv
      hash: md5
      md5: f511e5c8d9e5c0f957a028e159241db7
      size: 41622767
    - path: data/features/train.csv
      hash: md5
      md5: c9e2886062f838c62486272d31d3eb3d
      size: 166445039
    - path: models/vectorizers/bow.joblib
      hash: md5
      md5: 584b08b80f3644e94040e806bbcb283e
      size: 140260
  model_training:
    cmd: python src/models/train_model.py
    deps:
    - path: data/features/train.csv
      hash: md5
      md5: c9e2886062f838c62486272d31d3eb3d
      size: 166445039
    - path: params.yaml
      hash: md5
      md5: b875cab2c0299b7e35ea0fdbbba28651
      size: 515
    - path: src/models/train_model.py
      hash: md5
      md5: b541e1e8365a1b3c3904633b690a7d5f
      size: 3493
    outs:
    - path: models/models/bagging_classifier.joblib
      hash: md5
      md5: b2dcce04e81413c5b5eb8622878185f4
      size: 909288
  model_evaluation:
    cmd: python src/models/evaluate_model.py
    deps:
    - path: data/features/test.csv
      hash: md5
      md5: f511e5c8d9e5c0f957a028e159241db7
      size: 41622767
    - path: models/models/bagging_classifier.joblib
      hash: md5
      md5: b2dcce04e81413c5b5eb8622878185f4
      size: 909288
