schema: '2.0'
stages:
  data_ingestion:
    cmd: python src/data/data_ingestion.py
    deps:
    - path: data/raw/train.csv
      hash: md5
      md5: 358ac53596f540c74517dc050891c1b5
      size: 827954
    - path: params.yaml
      hash: md5
      md5: f34eb0fadc144b2f6bc204becf692d62
      size: 515
    - path: src/data/data_ingestion.py
      hash: md5
      md5: 102fe214686f6cd8ea7b51c19aa62964
      size: 4478
    outs:
    - path: data/interim/test.csv
      hash: md5
      md5: 2a35abfae6dd5b6c9161755bbdbe8865
      size: 206863
    - path: data/interim/train.csv
      hash: md5
      md5: ea7c56f7591593574e97fc0185d8696c
      size: 621110
  data_preprocessing:
    cmd: python src/features/data_preprocessing.py
    deps:
    - path: data/external/chat_words_dictonary.json
      hash: md5
      md5: d5374fbe39d349c14db3bc37d73d76be
      size: 2974
    - path: data/interim/test.csv
      hash: md5
      md5: 2a35abfae6dd5b6c9161755bbdbe8865
      size: 206863
    - path: data/interim/train.csv
      hash: md5
      md5: ea7c56f7591593574e97fc0185d8696c
      size: 621110
    - path: src/features/data_preprocessing.py
      hash: md5
      md5: b356ec3d78110326a06a6bc62debc6d5
      size: 5582
    outs:
    - path: data/processed/test.csv
      hash: md5
      md5: 7065712d305dda3ac80cf96e45a3b32b
      size: 137350
    - path: data/processed/train.csv
      hash: md5
      md5: de7ff8c37078f16040e6eff4ce7471b9
      size: 411934
  feature_engineering:
    cmd: python src/features/feature_engineering.py
    deps:
    - path: data/processed/test.csv
      hash: md5
      md5: 7065712d305dda3ac80cf96e45a3b32b
      size: 137350
    - path: data/processed/train.csv
      hash: md5
      md5: de7ff8c37078f16040e6eff4ce7471b9
      size: 411934
    - path: params.yaml
      hash: md5
      md5: f34eb0fadc144b2f6bc204becf692d62
      size: 515
    - path: src/features/feature_engineering.py
      hash: md5
      md5: 6fd62703b1d2acf2ec64cd3a72ca7f01
      size: 4742
    outs:
    - path: data/features/test.csv
      hash: md5
      md5: 04cdf086374ef6cd1eb396c6edc39fc0
      size: 52031425
    - path: data/features/train.csv
      hash: md5
      md5: 196a17cd03bd9ee358d730a4f97fad5b
      size: 156036381
    - path: models/vectorizers/bow.joblib
      hash: md5
      md5: 0f70534bcd6841a97597ac6a97dbe213
      size: 140397
  model_training:
    cmd: python src/models/train_model.py
    deps:
    - path: data/features/train.csv
      hash: md5
      md5: 196a17cd03bd9ee358d730a4f97fad5b
      size: 156036381
    - path: params.yaml
      hash: md5
      md5: f34eb0fadc144b2f6bc204becf692d62
      size: 515
    - path: src/models/train_model.py
      hash: md5
      md5: b541e1e8365a1b3c3904633b690a7d5f
      size: 3493
    outs:
    - path: models/models/bagging_classifier.joblib
      hash: md5
      md5: 35dea168e4c15ae06c4dd9c58c69c4fc
      size: 903208
  model_evaluation:
    cmd: python src/models/evaluate_model.py
    deps:
    - path: data/features/test.csv
      hash: md5
      md5: 04cdf086374ef6cd1eb396c6edc39fc0
      size: 52031425
    - path: models/models/bagging_classifier.joblib
      hash: md5
      md5: 35dea168e4c15ae06c4dd9c58c69c4fc
      size: 903208
